{
  "originHash" : "8524208f15b99ae34254eedbd5d5a4991fbc400074b37e5c8d715f58e1e13f03",
  "pins" : [
    {
      "identity" : "hydrogenreporter",
      "kind" : "remoteSourceControl",
      "location" : "https://github.com/ActuallyTaylor/HydrogenReporter",
      "state" : {
        "branch" : "pull-out-ui",
        "revision" : "5f9b126e720061c45e7f56a3163fd01bb550719c"
      }
    },
    {
      "identity" : "sfsymbols",
      "kind" : "remoteSourceControl",
      "location" : "https://github.com/ActuallyTaylor/SFSymbols",
      "state" : {
        "revision" : "b52a96089cae21a7174ad723d03fa7427392e6c7",
        "version" : "7.0.0"
      }
    }
  ],
  "version" : 3
}
